
Microsoft Visual Studio Solution File, Format Version 12.00
# Visual Studio Version 16
VisualStudioVersion = 16.0.31129.286
MinimumVisualStudioVersion = 10.0.40219.1
Project("{FAE04EC0-301F-11D3-BF4B-00C04F79EFBC}") = "XeroTechTest", "XeroTechTest\XeroTechTest.csproj", "{99A1920A-C8E8-4FE5-A833-37DFBC0C2A6E}"
EndProject
Global
	GlobalSection(SolutionConfigurationPlatforms) = preSolution
		Debug|Any CPU = Debug|Any CPU
		Release|Any CPU = Release|Any CPU
	EndGlobalSection
	GlobalSection(ProjectConfigurationPlatforms) = postSolution
		{99A1920A-C8E8-4FE5-A833-37DFBC0C2A6E}.Debug|Any CPU.ActiveCfg = Debug|Any CPU
		{99A1920A-C8E8-4FE5-A833-37DFBC0C2A6E}.Debug|Any CPU.Build.0 = Debug|Any CPU
		{99A1920A-C8E8-4FE5-A833-37DFBC0C2A6E}.Release|Any CPU.ActiveCfg = Release|Any CPU
		{99A1920A-C8E8-4FE5-A833-37DFBC0C2A6E}.Release|Any CPU.Build.0 = Release|Any CPU
	EndGlobalSection
	GlobalSection(SolutionProperties) = preSolution
		HideSolutionNode = FALSE
	EndGlobalSection
	GlobalSection(ExtensibilityGlobals) = postSolution
		SolutionGuid = {09FE7D7E-6A48-4D25-8384-0EF298E13A08}
	EndGlobalSection
EndGlobal
